
Microsoft Visual Studio Solution File, Format Version 12.00
# Visual Studio Version 17
VisualStudioVersion = 17.1.32319.34
MinimumVisualStudioVersion = 10.0.40219.1
Project("{FAE04EC0-301F-11D3-BF4B-00C04F79EFBC}") = "MovieApp.UI", "MovieApp.UI\MovieApp.UI.csproj", "{5B401CB8-DD66-4F89-B336-02ACD22D69BC}"
EndProject
Project("{FAE04EC0-301F-11D3-BF4B-00C04F79EFBC}") = "MovieAPI", "MovieAPI\MovieAPI.csproj", "{D2809173-68FD-4ECB-9D98-0ABC3C2BFA31}"
EndProject
Project("{FAE04EC0-301F-11D3-BF4B-00C04F79EFBC}") = "MovieApp.Business", "MovieApp.Business\MovieApp.Business.csproj", "{67707652-1804-450B-A844-16CD46761737}"
EndProject
Project("{FAE04EC0-301F-11D3-BF4B-00C04F79EFBC}") = "MovieApp.Data", "MovieApp.Data\MovieApp.Data.csproj", "{DE16A699-DAEA-40AF-9EF3-5065E21DFC96}"
EndProject
Project("{FAE04EC0-301F-11D3-BF4B-00C04F79EFBC}") = "MovieApp.Entity", "MovieApp.Entity\MovieApp.Entity.csproj", "{D06AF60A-4A35-45E5-A2FF-6A2192266FA6}"
EndProject
Global
	GlobalSection(SolutionConfigurationPlatforms) = preSolution
		Debug|Any CPU = Debug|Any CPU
		Release|Any CPU = Release|Any CPU
	EndGlobalSection
	GlobalSection(ProjectConfigurationPlatforms) = postSolution
		{5B401CB8-DD66-4F89-B336-02ACD22D69BC}.Debug|Any CPU.ActiveCfg = Debug|Any CPU
		{5B401CB8-DD66-4F89-B336-02ACD22D69BC}.Debug|Any CPU.Build.0 = Debug|Any CPU
		{5B401CB8-DD66-4F89-B336-02ACD22D69BC}.Release|Any CPU.ActiveCfg = Release|Any CPU
		{5B401CB8-DD66-4F89-B336-02ACD22D69BC}.Release|Any CPU.Build.0 = Release|Any CPU
		{D2809173-68FD-4ECB-9D98-0ABC3C2BFA31}.Debug|Any CPU.ActiveCfg = Debug|Any CPU
		{D2809173-68FD-4ECB-9D98-0ABC3C2BFA31}.Debug|Any CPU.Build.0 = Debug|Any CPU
		{D2809173-68FD-4ECB-9D98-0ABC3C2BFA31}.Release|Any CPU.ActiveCfg = Release|Any CPU
		{D2809173-68FD-4ECB-9D98-0ABC3C2BFA31}.Release|Any CPU.Build.0 = Release|Any CPU
		{67707652-1804-450B-A844-16CD46761737}.Debug|Any CPU.ActiveCfg = Debug|Any CPU
		{67707652-1804-450B-A844-16CD46761737}.Debug|Any CPU.Build.0 = Debug|Any CPU
		{67707652-1804-450B-A844-16CD46761737}.Release|Any CPU.ActiveCfg = Release|Any CPU
		{67707652-1804-450B-A844-16CD46761737}.Release|Any CPU.Build.0 = Release|Any CPU
		{DE16A699-DAEA-40AF-9EF3-5065E21DFC96}.Debug|Any CPU.ActiveCfg = Debug|Any CPU
		{DE16A699-DAEA-40AF-9EF3-5065E21DFC96}.Debug|Any CPU.Build.0 = Debug|Any CPU
		{DE16A699-DAEA-40AF-9EF3-5065E21DFC96}.Release|Any CPU.ActiveCfg = Release|Any CPU
		{DE16A699-DAEA-40AF-9EF3-5065E21DFC96}.Release|Any CPU.Build.0 = Release|Any CPU
		{D06AF60A-4A35-45E5-A2FF-6A2192266FA6}.Debug|Any CPU.ActiveCfg = Debug|Any CPU
		{D06AF60A-4A35-45E5-A2FF-6A2192266FA6}.Debug|Any CPU.Build.0 = Debug|Any CPU
		{D06AF60A-4A35-45E5-A2FF-6A2192266FA6}.Release|Any CPU.ActiveCfg = Release|Any CPU
		{D06AF60A-4A35-45E5-A2FF-6A2192266FA6}.Release|Any CPU.Build.0 = Release|Any CPU
	EndGlobalSection
	GlobalSection(SolutionProperties) = preSolution
		HideSolutionNode = FALSE
	EndGlobalSection
	GlobalSection(ExtensibilityGlobals) = postSolution
		SolutionGuid = {7153DC92-DA15-409D-87E5-24F0CAAE9556}
	EndGlobalSection
EndGlobal
